
Microsoft Visual Studio Solution File, Format Version 12.00
# Visual Studio Version 17
VisualStudioVersion = 17.2.32526.322
MinimumVisualStudioVersion = 10.0.40219.1
Project("{FAE04EC0-301F-11D3-BF4B-00C04F79EFBC}") = "Change3DShape", "Change3DShape\Change3DShape.csproj", "{B25A6356-2824-465C-8E8B-FBFF0508C85D}"
EndProject
Global
	GlobalSection(SolutionConfigurationPlatforms) = preSolution
		Debug|Any CPU = Debug|Any CPU
		Release|Any CPU = Release|Any CPU
	EndGlobalSection
	GlobalSection(ProjectConfigurationPlatforms) = postSolution
		{B25A6356-2824-465C-8E8B-FBFF0508C85D}.Debug|Any CPU.ActiveCfg = Debug|Any CPU
		{B25A6356-2824-465C-8E8B-FBFF0508C85D}.Debug|Any CPU.Build.0 = Debug|Any CPU
		{B25A6356-2824-465C-8E8B-FBFF0508C85D}.Release|Any CPU.ActiveCfg = Release|Any CPU
		{B25A6356-2824-465C-8E8B-FBFF0508C85D}.Release|Any CPU.Build.0 = Release|Any CPU
	EndGlobalSection
	GlobalSection(SolutionProperties) = preSolution
		HideSolutionNode = FALSE
	EndGlobalSection
	GlobalSection(ExtensibilityGlobals) = postSolution
		SolutionGuid = {B4729C36-1F9E-42A8-BA0D-C3A164D98C24}
	EndGlobalSection
EndGlobal
